PODS:
  - FMDB (2.4):
    - FMDB/standard
  - FMDB/common (2.4)
  - FMDB/standard (2.4):
    - FMDB/common
  - InformaticToolbar (0.2.1)
  - QuickDialog (0.9.1)
  - REMenu (1.10)

DEPENDENCIES:
  - FMDB (~> 2.4)
  - InformaticToolbar (~> 0.2.1)
  - QuickDialog (~> 0.9)
  - REMenu (~> 1.10)

SPEC CHECKSUMS:
  FMDB: 0b2fa25e5264ef177973c0cb8c02c711107979aa
  InformaticToolbar: 80a04987d88fbc78ecbf3fd91e3987e38651d77a
  QuickDialog: 8e6cb91067913194dfa187e339dc20dee8ee250f
  REMenu: e3988747d83f9e8f49f244bd3f1fb8b0900e8741

COCOAPODS: 0.34.4
