PODS:
  - FMDB (2.6.2):
    - FMDB/standard (= 2.6.2)
  - FMDB/standard (2.6.2)
  - InformaticToolbar (0.2.1)
  - QuickDialog (1.1.0):
    - QuickDialog/Core (= 1.1.0)
  - QuickDialog/Core (1.1.0)
  - REMenu (1.10)

DEPENDENCIES:
  - FMDB (~> 2.4)
  - InformaticToolbar (~> 0.2.1)
  - QuickDialog (~> 1.0)
  - REMenu (~> 1.10)

SPEC CHECKSUMS:
  FMDB: 854a0341b4726e53276f2a8996f06f1b80f9259a
  InformaticToolbar: 207bab6be699b8365acda7e2509b390f98a590f6
  QuickDialog: 6954450c4c2d003a89fbfee48ec8fa4695436b01
  REMenu: 30dad195930adf6c5eeb8041e3257aa60bf9fa49

PODFILE CHECKSUM: e5b2d10f6e5ecae8167d4acde3fbfe915ce4369f

COCOAPODS: 1.2.0
