// !$*UTF8*$!
{
	archiveVersion = 1;
	classes = {
	};
	objectVersion = 46;
	objects = {

/* Begin PBXBuildFile section */
		2515ED3414C5817600FDCD6D /* UIKit.framework in Frameworks */ = {isa = PBXBuildFile; fileRef = 2515ED3314C5817600FDCD6D /* UIKit.framework */; };
		2515ED3614C5817600FDCD6D /* Foundation.framework in Frameworks */ = {isa = PBXBuildFile; fileRef = 2515ED3514C5817600FDCD6D /* Foundation.framework */; };
		2515ED3814C5817600FDCD6D /* CoreGraphics.framework in Frameworks */ = {isa = PBXBuildFile; fileRef = 2515ED3714C5817600FDCD6D /* CoreGraphics.framework */; };
		2515ED3A14C5817600FDCD6D /* CoreData.framework in Frameworks */ = {isa = PBXBuildFile; fileRef = 2515ED3914C5817600FDCD6D /* CoreData.framework */; };
		2515ED4014C5817600FDCD6D /* InfoPlist.strings in Resources */ = {isa = PBXBuildFile; fileRef = 2515ED3E14C5817600FDCD6D /* InfoPlist.strings */; };
		2515ED4214C5817600FDCD6D /* main.m in Sources */ = {isa = PBXBuildFile; fileRef = 2515ED4114C5817600FDCD6D /* main.m */; };
		2515ED6014C581CD00FDCD6D /* GRTAppDelegate.m in Sources */ = {isa = PBXBuildFile; fileRef = 2515ED5214C581CD00FDCD6D /* GRTAppDelegate.m */; };
		2515ED6D14C5828700FDCD6D /* Default.png in Resources */ = {isa = PBXBuildFile; fileRef = 2515ED6814C5828700FDCD6D /* Default.png */; };
		2515ED6E14C5828700FDCD6D /* Default@2x.png in Resources */ = {isa = PBXBuildFile; fileRef = 2515ED6914C5828700FDCD6D /* Default@2x.png */; };
		2515ED7114C5828700FDCD6D /* iTunesArtwork in Resources */ = {isa = PBXBuildFile; fileRef = 2515ED6C14C5828700FDCD6D /* iTunesArtwork */; };
		2515ED7414C582C300FDCD6D /* doGRT.xcdatamodeld in Sources */ = {isa = PBXBuildFile; fileRef = 2515ED7214C582C300FDCD6D /* doGRT.xcdatamodeld */; };
		2515ED8E14C5830300FDCD6D /* GRTStopTime.m in Sources */ = {isa = PBXBuildFile; fileRef = 2515ED8314C5830300FDCD6D /* GRTStopTime.m */; };
		2515EDA814C5838000FDCD6D /* CoreLocation.framework in Frameworks */ = {isa = PBXBuildFile; fileRef = 2515EDA714C5838000FDCD6D /* CoreLocation.framework */; };
		2515EDAA14C5838700FDCD6D /* MapKit.framework in Frameworks */ = {isa = PBXBuildFile; fileRef = 2515EDA914C5838700FDCD6D /* MapKit.framework */; };
		2515EDAC14C5839300FDCD6D /* MessageUI.framework in Frameworks */ = {isa = PBXBuildFile; fileRef = 2515EDAB14C5839300FDCD6D /* MessageUI.framework */; };
		251A9F4D161E603000D72F3E /* GRTStopsMapViewController.m in Sources */ = {isa = PBXBuildFile; fileRef = 251A9F4C161E603000D72F3E /* GRTStopsMapViewController.m */; };
		251D26D2161A8FCC0068CDC1 /* GRTStopsTableViewController.m in Sources */ = {isa = PBXBuildFile; fileRef = 251D26D1161A8FCC0068CDC1 /* GRTStopsTableViewController.m */; };
		252C3DE21617520000C5A933 /* GRTShape.m in Sources */ = {isa = PBXBuildFile; fileRef = 252C3DE1161751FF00C5A933 /* GRTShape.m */; };
		253519D8160E52C40042BEA4 /* Default-568h@2x.png in Resources */ = {isa = PBXBuildFile; fileRef = 253519D7160E52C40042BEA4 /* Default-568h@2x.png */; };
		25419FBB1617A2E600B276C7 /* FMDatabase.m in Sources */ = {isa = PBXBuildFile; fileRef = 25419FB21617A2E600B276C7 /* FMDatabase.m */; };
		25419FBC1617A2E600B276C7 /* FMDatabaseAdditions.m in Sources */ = {isa = PBXBuildFile; fileRef = 25419FB41617A2E600B276C7 /* FMDatabaseAdditions.m */; };
		25419FBD1617A2E600B276C7 /* FMDatabasePool.m in Sources */ = {isa = PBXBuildFile; fileRef = 25419FB61617A2E600B276C7 /* FMDatabasePool.m */; };
		25419FBE1617A2E600B276C7 /* FMDatabaseQueue.m in Sources */ = {isa = PBXBuildFile; fileRef = 25419FB81617A2E600B276C7 /* FMDatabaseQueue.m */; };
		25419FBF1617A2E600B276C7 /* FMResultSet.m in Sources */ = {isa = PBXBuildFile; fileRef = 25419FBA1617A2E600B276C7 /* FMResultSet.m */; };
		2561EA0414C594F7003EA97D /* Icon.png in Resources */ = {isa = PBXBuildFile; fileRef = 2561EA0214C594F7003EA97D /* Icon.png */; };
		2561EA0514C594F7003EA97D /* Icon@2x.png in Resources */ = {isa = PBXBuildFile; fileRef = 2561EA0314C594F7003EA97D /* Icon@2x.png */; };
		2564645416121561000FC7DC /* GRTGtfsSystem+Internal.m in Sources */ = {isa = PBXBuildFile; fileRef = 2564645316121561000FC7DC /* GRTGtfsSystem+Internal.m */; };
		2564645B16122864000FC7DC /* GRTService.m in Sources */ = {isa = PBXBuildFile; fileRef = 2564645A16122863000FC7DC /* GRTService.m */; };
		2564647016129142000FC7DC /* GRTFavoriteStop.m in Sources */ = {isa = PBXBuildFile; fileRef = 2564646F16129142000FC7DC /* GRTFavoriteStop.m */; };
		256464731612916E000FC7DC /* GRTUserProfile.m in Sources */ = {isa = PBXBuildFile; fileRef = 256464721612916E000FC7DC /* GRTUserProfile.m */; };
		256464761612AAB3000FC7DC /* GRTStopTimesViewController.m in Sources */ = {isa = PBXBuildFile; fileRef = 256464751612AAB2000FC7DC /* GRTStopTimesViewController.m */; };
		2590035F1610E5A100FE051C /* GRTMainStopsViewController.m in Sources */ = {isa = PBXBuildFile; fileRef = 2590035E1610E5A100FE051C /* GRTMainStopsViewController.m */; };
		259003651610EB4A00FE051C /* UINavigationController+Rotation.m in Sources */ = {isa = PBXBuildFile; fileRef = 259003641610EB4A00FE051C /* UINavigationController+Rotation.m */; };
		25900367161101BD00FE051C /* GRT_GTFS.sqlite in Resources */ = {isa = PBXBuildFile; fileRef = 25900366161101BD00FE051C /* GRT_GTFS.sqlite */; };
		2590037D1611639000FE051C /* GRTRoute.m in Sources */ = {isa = PBXBuildFile; fileRef = 2590037C1611639000FE051C /* GRTRoute.m */; };
		25900383161166AD00FE051C /* GRTShapePt.m in Sources */ = {isa = PBXBuildFile; fileRef = 25900382161166AC00FE051C /* GRTShapePt.m */; };
		2590038A161168BA00FE051C /* GRTGtfsSystem.m in Sources */ = {isa = PBXBuildFile; fileRef = 25900389161168BA00FE051C /* GRTGtfsSystem.m */; };
		259003921611691B00FE051C /* GRTStopTimes.m in Sources */ = {isa = PBXBuildFile; fileRef = 259003911611691B00FE051C /* GRTStopTimes.m */; };
		259143041614971500F0D215 /* GRTStopDetailsViewController.m in Sources */ = {isa = PBXBuildFile; fileRef = 259143031614971300F0D215 /* GRTStopDetailsViewController.m */; };
		2591430B1614ACE700F0D215 /* GRTStopRoutesViewController.m in Sources */ = {isa = PBXBuildFile; fileRef = 2591430A1614ACE600F0D215 /* GRTStopRoutesViewController.m */; };
		259FF60B160F7BCD00B50F14 /* Launch.png in Resources */ = {isa = PBXBuildFile; fileRef = 259FF608160F7BCD00B50F14 /* Launch.png */; };
		259FF60C160F7BCD00B50F14 /* Launch@2x.png in Resources */ = {isa = PBXBuildFile; fileRef = 259FF609160F7BCD00B50F14 /* Launch@2x.png */; };
		259FF60D160F7BCD00B50F14 /* Launch-568h@2x.png in Resources */ = {isa = PBXBuildFile; fileRef = 259FF60A160F7BCD00B50F14 /* Launch-568h@2x.png */; };
		25C7493C15E09173003AB331 /* iPhoneStoryboard.storyboard in Resources */ = {isa = PBXBuildFile; fileRef = 25C7493B15E09173003AB331 /* iPhoneStoryboard.storyboard */; };
		25C7493E15E09190003AB331 /* iPadStoryboard.storyboard in Resources */ = {isa = PBXBuildFile; fileRef = 25C7493D15E09190003AB331 /* iPadStoryboard.storyboard */; };
		25EAB19614CD783F004A9DEC /* libsqlite3.dylib in Frameworks */ = {isa = PBXBuildFile; fileRef = 25EAB19514CD783F004A9DEC /* libsqlite3.dylib */; };
		25EAB19D14CD82B1004A9DEC /* GRTStop.m in Sources */ = {isa = PBXBuildFile; fileRef = 25EAB19C14CD82B1004A9DEC /* GRTStop.m */; };
		25F18A9C14DBDC2E008B1A31 /* GRTTrip.m in Sources */ = {isa = PBXBuildFile; fileRef = 25F18A9B14DBDC2E008B1A31 /* GRTTrip.m */; };
/* End PBXBuildFile section */

/* Begin PBXFileReference section */
		2515ED2F14C5817600FDCD6D /* doGRT.app */ = {isa = PBXFileReference; explicitFileType = wrapper.application; includeInIndex = 0; path = doGRT.app; sourceTree = BUILT_PRODUCTS_DIR; };
		2515ED3314C5817600FDCD6D /* UIKit.framework */ = {isa = PBXFileReference; lastKnownFileType = wrapper.framework; name = UIKit.framework; path = System/Library/Frameworks/UIKit.framework; sourceTree = SDKROOT; };
		2515ED3514C5817600FDCD6D /* Foundation.framework */ = {isa = PBXFileReference; lastKnownFileType = wrapper.framework; name = Foundation.framework; path = System/Library/Frameworks/Foundation.framework; sourceTree = SDKROOT; };
		2515ED3714C5817600FDCD6D /* CoreGraphics.framework */ = {isa = PBXFileReference; lastKnownFileType = wrapper.framework; name = CoreGraphics.framework; path = System/Library/Frameworks/CoreGraphics.framework; sourceTree = SDKROOT; };
		2515ED3914C5817600FDCD6D /* CoreData.framework */ = {isa = PBXFileReference; lastKnownFileType = wrapper.framework; name = CoreData.framework; path = System/Library/Frameworks/CoreData.framework; sourceTree = SDKROOT; };
		2515ED3D14C5817600FDCD6D /* doGRT-Info.plist */ = {isa = PBXFileReference; lastKnownFileType = text.plist.xml; path = "doGRT-Info.plist"; sourceTree = "<group>"; };
		2515ED3F14C5817600FDCD6D /* en */ = {isa = PBXFileReference; lastKnownFileType = text.plist.strings; name = en; path = en.lproj/InfoPlist.strings; sourceTree = "<group>"; };
		2515ED4114C5817600FDCD6D /* main.m */ = {isa = PBXFileReference; lastKnownFileType = sourcecode.c.objc; path = main.m; sourceTree = "<group>"; };
		2515ED4314C5817600FDCD6D /* doGRT-Prefix.pch */ = {isa = PBXFileReference; lastKnownFileType = sourcecode.c.h; path = "doGRT-Prefix.pch"; sourceTree = "<group>"; };
		2515ED5114C581CD00FDCD6D /* GRTAppDelegate.h */ = {isa = PBXFileReference; fileEncoding = 4; lastKnownFileType = sourcecode.c.h; path = GRTAppDelegate.h; sourceTree = "<group>"; };
		2515ED5214C581CD00FDCD6D /* GRTAppDelegate.m */ = {isa = PBXFileReference; fileEncoding = 4; lastKnownFileType = sourcecode.c.objc; path = GRTAppDelegate.m; sourceTree = "<group>"; };
		2515ED6814C5828700FDCD6D /* Default.png */ = {isa = PBXFileReference; lastKnownFileType = image.png; path = Default.png; sourceTree = "<group>"; };
		2515ED6914C5828700FDCD6D /* Default@2x.png */ = {isa = PBXFileReference; lastKnownFileType = image.png; path = "Default@2x.png"; sourceTree = "<group>"; };
		2515ED6C14C5828700FDCD6D /* iTunesArtwork */ = {isa = PBXFileReference; lastKnownFileType = file; path = iTunesArtwork; sourceTree = "<group>"; };
		2515ED7314C582C300FDCD6D /* doGRT.xcdatamodel */ = {isa = PBXFileReference; lastKnownFileType = wrapper.xcdatamodel; path = doGRT.xcdatamodel; sourceTree = "<group>"; };
		2515ED8214C5830300FDCD6D /* GRTStopTime.h */ = {isa = PBXFileReference; fileEncoding = 4; lastKnownFileType = sourcecode.c.h; path = GRTStopTime.h; sourceTree = "<group>"; };
		2515ED8314C5830300FDCD6D /* GRTStopTime.m */ = {isa = PBXFileReference; fileEncoding = 4; lastKnownFileType = sourcecode.c.objc; path = GRTStopTime.m; sourceTree = "<group>"; };
		2515EDA714C5838000FDCD6D /* CoreLocation.framework */ = {isa = PBXFileReference; lastKnownFileType = wrapper.framework; name = CoreLocation.framework; path = System/Library/Frameworks/CoreLocation.framework; sourceTree = SDKROOT; };
		2515EDA914C5838700FDCD6D /* MapKit.framework */ = {isa = PBXFileReference; lastKnownFileType = wrapper.framework; name = MapKit.framework; path = System/Library/Frameworks/MapKit.framework; sourceTree = SDKROOT; };
		2515EDAB14C5839300FDCD6D /* MessageUI.framework */ = {isa = PBXFileReference; lastKnownFileType = wrapper.framework; name = MessageUI.framework; path = System/Library/Frameworks/MessageUI.framework; sourceTree = SDKROOT; };
		251A9F4B161E603000D72F3E /* GRTStopsMapViewController.h */ = {isa = PBXFileReference; fileEncoding = 4; lastKnownFileType = sourcecode.c.h; path = GRTStopsMapViewController.h; sourceTree = "<group>"; };
		251A9F4C161E603000D72F3E /* GRTStopsMapViewController.m */ = {isa = PBXFileReference; fileEncoding = 4; lastKnownFileType = sourcecode.c.objc; path = GRTStopsMapViewController.m; sourceTree = "<group>"; };
		251D26D0161A8FCC0068CDC1 /* GRTStopsTableViewController.h */ = {isa = PBXFileReference; fileEncoding = 4; lastKnownFileType = sourcecode.c.h; path = GRTStopsTableViewController.h; sourceTree = "<group>"; };
		251D26D1161A8FCC0068CDC1 /* GRTStopsTableViewController.m */ = {isa = PBXFileReference; fileEncoding = 4; lastKnownFileType = sourcecode.c.objc; path = GRTStopsTableViewController.m; sourceTree = "<group>"; };
		252C3DE0161751FF00C5A933 /* GRTShape.h */ = {isa = PBXFileReference; fileEncoding = 4; lastKnownFileType = sourcecode.c.h; path = GRTShape.h; sourceTree = "<group>"; };
		252C3DE1161751FF00C5A933 /* GRTShape.m */ = {isa = PBXFileReference; fileEncoding = 4; lastKnownFileType = sourcecode.c.objc; path = GRTShape.m; sourceTree = "<group>"; };
		253519D7160E52C40042BEA4 /* Default-568h@2x.png */ = {isa = PBXFileReference; lastKnownFileType = image.png; path = "Default-568h@2x.png"; sourceTree = "<group>"; };
		25419FB11617A2E600B276C7 /* FMDatabase.h */ = {isa = PBXFileReference; fileEncoding = 4; lastKnownFileType = sourcecode.c.h; name = FMDatabase.h; path = fmdb/src/FMDatabase.h; sourceTree = SOURCE_ROOT; };
		25419FB21617A2E600B276C7 /* FMDatabase.m */ = {isa = PBXFileReference; fileEncoding = 4; lastKnownFileType = sourcecode.c.objc; name = FMDatabase.m; path = fmdb/src/FMDatabase.m; sourceTree = SOURCE_ROOT; };
		25419FB31617A2E600B276C7 /* FMDatabaseAdditions.h */ = {isa = PBXFileReference; fileEncoding = 4; lastKnownFileType = sourcecode.c.h; name = FMDatabaseAdditions.h; path = fmdb/src/FMDatabaseAdditions.h; sourceTree = SOURCE_ROOT; };
		25419FB41617A2E600B276C7 /* FMDatabaseAdditions.m */ = {isa = PBXFileReference; fileEncoding = 4; lastKnownFileType = sourcecode.c.objc; name = FMDatabaseAdditions.m; path = fmdb/src/FMDatabaseAdditions.m; sourceTree = SOURCE_ROOT; };
		25419FB51617A2E600B276C7 /* FMDatabasePool.h */ = {isa = PBXFileReference; fileEncoding = 4; lastKnownFileType = sourcecode.c.h; name = FMDatabasePool.h; path = fmdb/src/FMDatabasePool.h; sourceTree = SOURCE_ROOT; };
		25419FB61617A2E600B276C7 /* FMDatabasePool.m */ = {isa = PBXFileReference; fileEncoding = 4; lastKnownFileType = sourcecode.c.objc; name = FMDatabasePool.m; path = fmdb/src/FMDatabasePool.m; sourceTree = SOURCE_ROOT; };
		25419FB71617A2E600B276C7 /* FMDatabaseQueue.h */ = {isa = PBXFileReference; fileEncoding = 4; lastKnownFileType = sourcecode.c.h; name = FMDatabaseQueue.h; path = fmdb/src/FMDatabaseQueue.h; sourceTree = SOURCE_ROOT; };
		25419FB81617A2E600B276C7 /* FMDatabaseQueue.m */ = {isa = PBXFileReference; fileEncoding = 4; lastKnownFileType = sourcecode.c.objc; name = FMDatabaseQueue.m; path = fmdb/src/FMDatabaseQueue.m; sourceTree = SOURCE_ROOT; };
		25419FB91617A2E600B276C7 /* FMResultSet.h */ = {isa = PBXFileReference; fileEncoding = 4; lastKnownFileType = sourcecode.c.h; name = FMResultSet.h; path = fmdb/src/FMResultSet.h; sourceTree = SOURCE_ROOT; };
		25419FBA1617A2E600B276C7 /* FMResultSet.m */ = {isa = PBXFileReference; fileEncoding = 4; lastKnownFileType = sourcecode.c.objc; name = FMResultSet.m; path = fmdb/src/FMResultSet.m; sourceTree = SOURCE_ROOT; };
		2561EA0214C594F7003EA97D /* Icon.png */ = {isa = PBXFileReference; lastKnownFileType = image.png; path = Icon.png; sourceTree = "<group>"; };
		2561EA0314C594F7003EA97D /* Icon@2x.png */ = {isa = PBXFileReference; lastKnownFileType = image.png; path = "Icon@2x.png"; sourceTree = "<group>"; };
		2564645216121561000FC7DC /* GRTGtfsSystem+Internal.h */ = {isa = PBXFileReference; fileEncoding = 4; lastKnownFileType = sourcecode.c.h; path = "GRTGtfsSystem+Internal.h"; sourceTree = "<group>"; };
		2564645316121561000FC7DC /* GRTGtfsSystem+Internal.m */ = {isa = PBXFileReference; fileEncoding = 4; lastKnownFileType = sourcecode.c.objc; path = "GRTGtfsSystem+Internal.m"; sourceTree = "<group>"; };
		2564645916122863000FC7DC /* GRTService.h */ = {isa = PBXFileReference; fileEncoding = 4; lastKnownFileType = sourcecode.c.h; path = GRTService.h; sourceTree = "<group>"; };
		2564645A16122863000FC7DC /* GRTService.m */ = {isa = PBXFileReference; fileEncoding = 4; lastKnownFileType = sourcecode.c.objc; path = GRTService.m; sourceTree = "<group>"; };
		2564646E16129140000FC7DC /* GRTFavoriteStop.h */ = {isa = PBXFileReference; fileEncoding = 4; lastKnownFileType = sourcecode.c.h; path = GRTFavoriteStop.h; sourceTree = "<group>"; };
		2564646F16129142000FC7DC /* GRTFavoriteStop.m */ = {isa = PBXFileReference; fileEncoding = 4; lastKnownFileType = sourcecode.c.objc; path = GRTFavoriteStop.m; sourceTree = "<group>"; };
		256464711612916E000FC7DC /* GRTUserProfile.h */ = {isa = PBXFileReference; fileEncoding = 4; lastKnownFileType = sourcecode.c.h; path = GRTUserProfile.h; sourceTree = "<group>"; };
		256464721612916E000FC7DC /* GRTUserProfile.m */ = {isa = PBXFileReference; fileEncoding = 4; lastKnownFileType = sourcecode.c.objc; path = GRTUserProfile.m; sourceTree = "<group>"; };
		256464741612AAB2000FC7DC /* GRTStopTimesViewController.h */ = {isa = PBXFileReference; fileEncoding = 4; lastKnownFileType = sourcecode.c.h; path = GRTStopTimesViewController.h; sourceTree = "<group>"; };
		256464751612AAB2000FC7DC /* GRTStopTimesViewController.m */ = {isa = PBXFileReference; fileEncoding = 4; lastKnownFileType = sourcecode.c.objc; path = GRTStopTimesViewController.m; sourceTree = "<group>"; };
		2590035D1610E5A100FE051C /* GRTMainStopsViewController.h */ = {isa = PBXFileReference; fileEncoding = 4; lastKnownFileType = sourcecode.c.h; lineEnding = 0; path = GRTMainStopsViewController.h; sourceTree = "<group>"; xcLanguageSpecificationIdentifier = xcode.lang.objcpp; };
		2590035E1610E5A100FE051C /* GRTMainStopsViewController.m */ = {isa = PBXFileReference; fileEncoding = 4; lastKnownFileType = sourcecode.c.objc; lineEnding = 0; path = GRTMainStopsViewController.m; sourceTree = "<group>"; xcLanguageSpecificationIdentifier = xcode.lang.objc; };
		259003631610EB4A00FE051C /* UINavigationController+Rotation.h */ = {isa = PBXFileReference; fileEncoding = 4; lastKnownFileType = sourcecode.c.h; path = "UINavigationController+Rotation.h"; sourceTree = "<group>"; };
		259003641610EB4A00FE051C /* UINavigationController+Rotation.m */ = {isa = PBXFileReference; fileEncoding = 4; lastKnownFileType = sourcecode.c.objc; path = "UINavigationController+Rotation.m"; sourceTree = "<group>"; };
		25900366161101BD00FE051C /* GRT_GTFS.sqlite */ = {isa = PBXFileReference; lastKnownFileType = file; path = GRT_GTFS.sqlite; sourceTree = "<group>"; };
		2590037B1611639000FE051C /* GRTRoute.h */ = {isa = PBXFileReference; fileEncoding = 4; lastKnownFileType = sourcecode.c.h; path = GRTRoute.h; sourceTree = "<group>"; };
		2590037C1611639000FE051C /* GRTRoute.m */ = {isa = PBXFileReference; fileEncoding = 4; lastKnownFileType = sourcecode.c.objc; path = GRTRoute.m; sourceTree = "<group>"; };
		25900381161166AC00FE051C /* GRTShapePt.h */ = {isa = PBXFileReference; fileEncoding = 4; lastKnownFileType = sourcecode.c.h; path = GRTShapePt.h; sourceTree = "<group>"; };
		25900382161166AC00FE051C /* GRTShapePt.m */ = {isa = PBXFileReference; fileEncoding = 4; lastKnownFileType = sourcecode.c.objc; path = GRTShapePt.m; sourceTree = "<group>"; };
		25900388161168BA00FE051C /* GRTGtfsSystem.h */ = {isa = PBXFileReference; fileEncoding = 4; lastKnownFileType = sourcecode.c.h; path = GRTGtfsSystem.h; sourceTree = "<group>"; };
		25900389161168BA00FE051C /* GRTGtfsSystem.m */ = {isa = PBXFileReference; fileEncoding = 4; lastKnownFileType = sourcecode.c.objc; path = GRTGtfsSystem.m; sourceTree = "<group>"; };
		259003901611691B00FE051C /* GRTStopTimes.h */ = {isa = PBXFileReference; fileEncoding = 4; lastKnownFileType = sourcecode.c.h; path = GRTStopTimes.h; sourceTree = "<group>"; };
		259003911611691B00FE051C /* GRTStopTimes.m */ = {isa = PBXFileReference; fileEncoding = 4; lastKnownFileType = sourcecode.c.objc; path = GRTStopTimes.m; sourceTree = "<group>"; };
		259143021614971100F0D215 /* GRTStopDetailsViewController.h */ = {isa = PBXFileReference; fileEncoding = 4; lastKnownFileType = sourcecode.c.h; path = GRTStopDetailsViewController.h; sourceTree = "<group>"; };
		259143031614971300F0D215 /* GRTStopDetailsViewController.m */ = {isa = PBXFileReference; fileEncoding = 4; lastKnownFileType = sourcecode.c.objc; path = GRTStopDetailsViewController.m; sourceTree = "<group>"; };
		259143091614ACE500F0D215 /* GRTStopRoutesViewController.h */ = {isa = PBXFileReference; fileEncoding = 4; lastKnownFileType = sourcecode.c.h; path = GRTStopRoutesViewController.h; sourceTree = "<group>"; };
		2591430A1614ACE600F0D215 /* GRTStopRoutesViewController.m */ = {isa = PBXFileReference; fileEncoding = 4; lastKnownFileType = sourcecode.c.objc; path = GRTStopRoutesViewController.m; sourceTree = "<group>"; };
		259FF608160F7BCD00B50F14 /* Launch.png */ = {isa = PBXFileReference; lastKnownFileType = image.png; path = Launch.png; sourceTree = "<group>"; };
		259FF609160F7BCD00B50F14 /* Launch@2x.png */ = {isa = PBXFileReference; lastKnownFileType = image.png; path = "Launch@2x.png"; sourceTree = "<group>"; };
		259FF60A160F7BCD00B50F14 /* Launch-568h@2x.png */ = {isa = PBXFileReference; lastKnownFileType = image.png; path = "Launch-568h@2x.png"; sourceTree = "<group>"; };
		25C7493B15E09173003AB331 /* iPhoneStoryboard.storyboard */ = {isa = PBXFileReference; fileEncoding = 4; lastKnownFileType = file.storyboard; path = iPhoneStoryboard.storyboard; sourceTree = "<group>"; };
		25C7493D15E09190003AB331 /* iPadStoryboard.storyboard */ = {isa = PBXFileReference; fileEncoding = 4; lastKnownFileType = file.storyboard; path = iPadStoryboard.storyboard; sourceTree = "<group>"; };
		25EAB19514CD783F004A9DEC /* libsqlite3.dylib */ = {isa = PBXFileReference; lastKnownFileType = "compiled.mach-o.dylib"; name = libsqlite3.dylib; path = usr/lib/libsqlite3.dylib; sourceTree = SDKROOT; };
		25EAB19B14CD82B1004A9DEC /* GRTStop.h */ = {isa = PBXFileReference; fileEncoding = 4; lastKnownFileType = sourcecode.c.h; path = GRTStop.h; sourceTree = "<group>"; };
		25EAB19C14CD82B1004A9DEC /* GRTStop.m */ = {isa = PBXFileReference; fileEncoding = 4; lastKnownFileType = sourcecode.c.objc; path = GRTStop.m; sourceTree = "<group>"; };
		25F18A9A14DBDC2E008B1A31 /* GRTTrip.h */ = {isa = PBXFileReference; fileEncoding = 4; lastKnownFileType = sourcecode.c.h; path = GRTTrip.h; sourceTree = "<group>"; };
		25F18A9B14DBDC2E008B1A31 /* GRTTrip.m */ = {isa = PBXFileReference; fileEncoding = 4; lastKnownFileType = sourcecode.c.objc; path = GRTTrip.m; sourceTree = "<group>"; };
/* End PBXFileReference section */

/* Begin PBXFrameworksBuildPhase section */
		2515ED2C14C5817600FDCD6D /* Frameworks */ = {
			isa = PBXFrameworksBuildPhase;
			buildActionMask = 2147483647;
			files = (
				25EAB19614CD783F004A9DEC /* libsqlite3.dylib in Frameworks */,
				2515EDAC14C5839300FDCD6D /* MessageUI.framework in Frameworks */,
				2515EDAA14C5838700FDCD6D /* MapKit.framework in Frameworks */,
				2515EDA814C5838000FDCD6D /* CoreLocation.framework in Frameworks */,
				2515ED3414C5817600FDCD6D /* UIKit.framework in Frameworks */,
				2515ED3614C5817600FDCD6D /* Foundation.framework in Frameworks */,
				2515ED3814C5817600FDCD6D /* CoreGraphics.framework in Frameworks */,
				2515ED3A14C5817600FDCD6D /* CoreData.framework in Frameworks */,
			);
			runOnlyForDeploymentPostprocessing = 0;
		};
/* End PBXFrameworksBuildPhase section */

/* Begin PBXGroup section */
		2515ED2414C5817500FDCD6D = {
			isa = PBXGroup;
			children = (
				2515ED3B14C5817600FDCD6D /* doGRT */,
				2515ED3214C5817600FDCD6D /* Frameworks */,
				2515ED3014C5817600FDCD6D /* Products */,
			);
			sourceTree = "<group>";
		};
		2515ED3014C5817600FDCD6D /* Products */ = {
			isa = PBXGroup;
			children = (
				2515ED2F14C5817600FDCD6D /* doGRT.app */,
			);
			name = Products;
			sourceTree = "<group>";
		};
		2515ED3214C5817600FDCD6D /* Frameworks */ = {
			isa = PBXGroup;
			children = (
				25EAB19514CD783F004A9DEC /* libsqlite3.dylib */,
				2515EDAB14C5839300FDCD6D /* MessageUI.framework */,
				2515EDA914C5838700FDCD6D /* MapKit.framework */,
				2515EDA714C5838000FDCD6D /* CoreLocation.framework */,
				2515ED3314C5817600FDCD6D /* UIKit.framework */,
				2515ED3514C5817600FDCD6D /* Foundation.framework */,
				2515ED3714C5817600FDCD6D /* CoreGraphics.framework */,
				2515ED3914C5817600FDCD6D /* CoreData.framework */,
			);
			name = Frameworks;
			sourceTree = "<group>";
		};
		2515ED3B14C5817600FDCD6D /* doGRT */ = {
			isa = PBXGroup;
			children = (
				2515ED5114C581CD00FDCD6D /* GRTAppDelegate.h */,
				2515ED5214C581CD00FDCD6D /* GRTAppDelegate.m */,
				2590035B1610E53C00FE051C /* ViewControllers */,
				2515ED7C14C5830300FDCD6D /* Data */,
				2564646D161290B4000FC7DC /* UserProfile */,
				25419FB01617A2AF00B276C7 /* FMDB */,
				2515ED6714C5828700FDCD6D /* Resources */,
				2515ED3C14C5817600FDCD6D /* Supporting Files */,
			);
			path = doGRT;
			sourceTree = "<group>";
		};
		2515ED3C14C5817600FDCD6D /* Supporting Files */ = {
			isa = PBXGroup;
			children = (
				2515ED7214C582C300FDCD6D /* doGRT.xcdatamodeld */,
				2515ED3D14C5817600FDCD6D /* doGRT-Info.plist */,
				2515ED3E14C5817600FDCD6D /* InfoPlist.strings */,
				2515ED4114C5817600FDCD6D /* main.m */,
				2515ED4314C5817600FDCD6D /* doGRT-Prefix.pch */,
			);
			name = "Supporting Files";
			sourceTree = "<group>";
		};
		2515ED6714C5828700FDCD6D /* Resources */ = {
			isa = PBXGroup;
			children = (
				25C7493B15E09173003AB331 /* iPhoneStoryboard.storyboard */,
				25C7493D15E09190003AB331 /* iPadStoryboard.storyboard */,
				25900366161101BD00FE051C /* GRT_GTFS.sqlite */,
				2515ED6814C5828700FDCD6D /* Default.png */,
				2515ED6914C5828700FDCD6D /* Default@2x.png */,
				253519D7160E52C40042BEA4 /* Default-568h@2x.png */,
				259FF608160F7BCD00B50F14 /* Launch.png */,
				259FF609160F7BCD00B50F14 /* Launch@2x.png */,
				259FF60A160F7BCD00B50F14 /* Launch-568h@2x.png */,
				2561EA0214C594F7003EA97D /* Icon.png */,
				2561EA0314C594F7003EA97D /* Icon@2x.png */,
				2515ED6C14C5828700FDCD6D /* iTunesArtwork */,
			);
			path = Resources;
			sourceTree = "<group>";
		};
		2515ED7C14C5830300FDCD6D /* Data */ = {
			isa = PBXGroup;
			children = (
				2590037916115CD600FE051C /* DataStrctures */,
				25900388161168BA00FE051C /* GRTGtfsSystem.h */,
				25900389161168BA00FE051C /* GRTGtfsSystem.m */,
				2564645216121561000FC7DC /* GRTGtfsSystem+Internal.h */,
				2564645316121561000FC7DC /* GRTGtfsSystem+Internal.m */,
				259003901611691B00FE051C /* GRTStopTimes.h */,
				259003911611691B00FE051C /* GRTStopTimes.m */,
				252C3DE0161751FF00C5A933 /* GRTShape.h */,
				252C3DE1161751FF00C5A933 /* GRTShape.m */,
			);
			path = Data;
			sourceTree = "<group>";
		};
		25419FB01617A2AF00B276C7 /* FMDB */ = {
			isa = PBXGroup;
			children = (
				25419FB11617A2E600B276C7 /* FMDatabase.h */,
				25419FB21617A2E600B276C7 /* FMDatabase.m */,
				25419FB31617A2E600B276C7 /* FMDatabaseAdditions.h */,
				25419FB41617A2E600B276C7 /* FMDatabaseAdditions.m */,
				25419FB51617A2E600B276C7 /* FMDatabasePool.h */,
				25419FB61617A2E600B276C7 /* FMDatabasePool.m */,
				25419FB71617A2E600B276C7 /* FMDatabaseQueue.h */,
				25419FB81617A2E600B276C7 /* FMDatabaseQueue.m */,
				25419FB91617A2E600B276C7 /* FMResultSet.h */,
				25419FBA1617A2E600B276C7 /* FMResultSet.m */,
			);
			name = FMDB;
			sourceTree = "<group>";
		};
		2564646D161290B4000FC7DC /* UserProfile */ = {
			isa = PBXGroup;
			children = (
				256464711612916E000FC7DC /* GRTUserProfile.h */,
				256464721612916E000FC7DC /* GRTUserProfile.m */,
				2564646E16129140000FC7DC /* GRTFavoriteStop.h */,
				2564646F16129142000FC7DC /* GRTFavoriteStop.m */,
			);
			path = UserProfile;
			sourceTree = "<group>";
		};
		2590035B1610E53C00FE051C /* ViewControllers */ = {
			isa = PBXGroup;
			children = (
				259003631610EB4A00FE051C /* UINavigationController+Rotation.h */,
				259003641610EB4A00FE051C /* UINavigationController+Rotation.m */,
				251D26D0161A8FCC0068CDC1 /* GRTStopsTableViewController.h */,
				251D26D1161A8FCC0068CDC1 /* GRTStopsTableViewController.m */,
				251A9F4B161E603000D72F3E /* GRTStopsMapViewController.h */,
				251A9F4C161E603000D72F3E /* GRTStopsMapViewController.m */,
				2590035D1610E5A100FE051C /* GRTMainStopsViewController.h */,
				2590035E1610E5A100FE051C /* GRTMainStopsViewController.m */,
				259143021614971100F0D215 /* GRTStopDetailsViewController.h */,
				259143031614971300F0D215 /* GRTStopDetailsViewController.m */,
				256464741612AAB2000FC7DC /* GRTStopTimesViewController.h */,
				256464751612AAB2000FC7DC /* GRTStopTimesViewController.m */,
				259143091614ACE500F0D215 /* GRTStopRoutesViewController.h */,
				2591430A1614ACE600F0D215 /* GRTStopRoutesViewController.m */,
			);
			path = ViewControllers;
			sourceTree = "<group>";
		};
		2590037916115CD600FE051C /* DataStrctures */ = {
			isa = PBXGroup;
			children = (
				2515ED8214C5830300FDCD6D /* GRTStopTime.h */,
				2515ED8314C5830300FDCD6D /* GRTStopTime.m */,
				25EAB19B14CD82B1004A9DEC /* GRTStop.h */,
				25EAB19C14CD82B1004A9DEC /* GRTStop.m */,
				25F18A9A14DBDC2E008B1A31 /* GRTTrip.h */,
				25F18A9B14DBDC2E008B1A31 /* GRTTrip.m */,
				2590037B1611639000FE051C /* GRTRoute.h */,
				2590037C1611639000FE051C /* GRTRoute.m */,
				25900381161166AC00FE051C /* GRTShapePt.h */,
				25900382161166AC00FE051C /* GRTShapePt.m */,
				2564645916122863000FC7DC /* GRTService.h */,
				2564645A16122863000FC7DC /* GRTService.m */,
			);
			name = DataStrctures;
			sourceTree = "<group>";
		};
/* End PBXGroup section */

/* Begin PBXNativeTarget section */
		2515ED2E14C5817600FDCD6D /* doGRT */ = {
			isa = PBXNativeTarget;
			buildConfigurationList = 2515ED4C14C5817600FDCD6D /* Build configuration list for PBXNativeTarget "doGRT" */;
			buildPhases = (
				2515ED2B14C5817600FDCD6D /* Sources */,
				2515ED2C14C5817600FDCD6D /* Frameworks */,
				2515ED2D14C5817600FDCD6D /* Resources */,
			);
			buildRules = (
			);
			dependencies = (
			);
			name = doGRT;
			productName = doGRT;
			productReference = 2515ED2F14C5817600FDCD6D /* doGRT.app */;
			productType = "com.apple.product-type.application";
		};
/* End PBXNativeTarget section */

/* Begin PBXProject section */
		2515ED2614C5817500FDCD6D /* Project object */ = {
			isa = PBXProject;
			attributes = {
				LastUpgradeCheck = 0450;
			};
			buildConfigurationList = 2515ED2914C5817500FDCD6D /* Build configuration list for PBXProject "doGRT" */;
			compatibilityVersion = "Xcode 3.2";
			developmentRegion = English;
			hasScannedForEncodings = 0;
			knownRegions = (
				en,
			);
			mainGroup = 2515ED2414C5817500FDCD6D;
			productRefGroup = 2515ED3014C5817600FDCD6D /* Products */;
			projectDirPath = "";
			projectRoot = "";
			targets = (
				2515ED2E14C5817600FDCD6D /* doGRT */,
			);
		};
/* End PBXProject section */

/* Begin PBXResourcesBuildPhase section */
		2515ED2D14C5817600FDCD6D /* Resources */ = {
			isa = PBXResourcesBuildPhase;
			buildActionMask = 2147483647;
			files = (
				2515ED4014C5817600FDCD6D /* InfoPlist.strings in Resources */,
				2515ED6D14C5828700FDCD6D /* Default.png in Resources */,
				2515ED6E14C5828700FDCD6D /* Default@2x.png in Resources */,
				2515ED7114C5828700FDCD6D /* iTunesArtwork in Resources */,
				2561EA0414C594F7003EA97D /* Icon.png in Resources */,
				2561EA0514C594F7003EA97D /* Icon@2x.png in Resources */,
				25C7493C15E09173003AB331 /* iPhoneStoryboard.storyboard in Resources */,
				25C7493E15E09190003AB331 /* iPadStoryboard.storyboard in Resources */,
				253519D8160E52C40042BEA4 /* Default-568h@2x.png in Resources */,
				259FF60B160F7BCD00B50F14 /* Launch.png in Resources */,
				259FF60C160F7BCD00B50F14 /* Launch@2x.png in Resources */,
				259FF60D160F7BCD00B50F14 /* Launch-568h@2x.png in Resources */,
				25900367161101BD00FE051C /* GRT_GTFS.sqlite in Resources */,
			);
			runOnlyForDeploymentPostprocessing = 0;
		};
/* End PBXResourcesBuildPhase section */

/* Begin PBXSourcesBuildPhase section */
		2515ED2B14C5817600FDCD6D /* Sources */ = {
			isa = PBXSourcesBuildPhase;
			buildActionMask = 2147483647;
			files = (
				2515ED4214C5817600FDCD6D /* main.m in Sources */,
				2515ED6014C581CD00FDCD6D /* GRTAppDelegate.m in Sources */,
				2515ED7414C582C300FDCD6D /* doGRT.xcdatamodeld in Sources */,
				2515ED8E14C5830300FDCD6D /* GRTStopTime.m in Sources */,
				25EAB19D14CD82B1004A9DEC /* GRTStop.m in Sources */,
				25F18A9C14DBDC2E008B1A31 /* GRTTrip.m in Sources */,
				2590035F1610E5A100FE051C /* GRTMainStopsViewController.m in Sources */,
				259003651610EB4A00FE051C /* UINavigationController+Rotation.m in Sources */,
				2590037D1611639000FE051C /* GRTRoute.m in Sources */,
				25900383161166AD00FE051C /* GRTShapePt.m in Sources */,
				2590038A161168BA00FE051C /* GRTGtfsSystem.m in Sources */,
				259003921611691B00FE051C /* GRTStopTimes.m in Sources */,
				2564645416121561000FC7DC /* GRTGtfsSystem+Internal.m in Sources */,
				2564645B16122864000FC7DC /* GRTService.m in Sources */,
				2564647016129142000FC7DC /* GRTFavoriteStop.m in Sources */,
				256464731612916E000FC7DC /* GRTUserProfile.m in Sources */,
				256464761612AAB3000FC7DC /* GRTStopTimesViewController.m in Sources */,
				259143041614971500F0D215 /* GRTStopDetailsViewController.m in Sources */,
				2591430B1614ACE700F0D215 /* GRTStopRoutesViewController.m in Sources */,
				252C3DE21617520000C5A933 /* GRTShape.m in Sources */,
				25419FBB1617A2E600B276C7 /* FMDatabase.m in Sources */,
				25419FBC1617A2E600B276C7 /* FMDatabaseAdditions.m in Sources */,
				25419FBD1617A2E600B276C7 /* FMDatabasePool.m in Sources */,
				25419FBE1617A2E600B276C7 /* FMDatabaseQueue.m in Sources */,
				25419FBF1617A2E600B276C7 /* FMResultSet.m in Sources */,
				251D26D2161A8FCC0068CDC1 /* GRTStopsTableViewController.m in Sources */,
				251A9F4D161E603000D72F3E /* GRTStopsMapViewController.m in Sources */,
			);
			runOnlyForDeploymentPostprocessing = 0;
		};
/* End PBXSourcesBuildPhase section */

/* Begin PBXVariantGroup section */
		2515ED3E14C5817600FDCD6D /* InfoPlist.strings */ = {
			isa = PBXVariantGroup;
			children = (
				2515ED3F14C5817600FDCD6D /* en */,
			);
			name = InfoPlist.strings;
			sourceTree = "<group>";
		};
/* End PBXVariantGroup section */

/* Begin XCBuildConfiguration section */
		2515ED4A14C5817600FDCD6D /* Debug */ = {
			isa = XCBuildConfiguration;
			buildSettings = {
				ALWAYS_SEARCH_USER_PATHS = NO;
				ARCHS = "$(ARCHS_STANDARD_32_BIT)";
				CLANG_ENABLE_OBJC_ARC = YES;
				CODE_SIGN_IDENTITY = "";
				"CODE_SIGN_IDENTITY[sdk=iphoneos*]" = "iPhone Developer";
				COPY_PHASE_STRIP = NO;
				GCC_C_LANGUAGE_STANDARD = gnu99;
				GCC_DYNAMIC_NO_PIC = NO;
				GCC_OPTIMIZATION_LEVEL = 0;
				GCC_PREPROCESSOR_DEFINITIONS = (
					"DEBUG=1",
					"$(inherited)",
				);
				GCC_SYMBOLS_PRIVATE_EXTERN = NO;
				GCC_VERSION = com.apple.compilers.llvm.clang.1_0;
				GCC_WARN_ABOUT_MISSING_PROTOTYPES = YES;
				GCC_WARN_ABOUT_RETURN_TYPE = YES;
				GCC_WARN_UNUSED_VARIABLE = YES;
				IPHONEOS_DEPLOYMENT_TARGET = 5.0;
				"PROVISIONING_PROFILE[sdk=iphoneos*]" = "";
				SDKROOT = iphoneos;
			};
			name = Debug;
		};
		2515ED4B14C5817600FDCD6D /* Release */ = {
			isa = XCBuildConfiguration;
			buildSettings = {
				ALWAYS_SEARCH_USER_PATHS = NO;
				ARCHS = "$(ARCHS_STANDARD_32_BIT)";
				CLANG_ENABLE_OBJC_ARC = YES;
				CODE_SIGN_IDENTITY = "";
				"CODE_SIGN_IDENTITY[sdk=iphoneos*]" = "iPhone Distribution";
				COPY_PHASE_STRIP = YES;
				GCC_C_LANGUAGE_STANDARD = gnu99;
				GCC_VERSION = com.apple.compilers.llvm.clang.1_0;
				GCC_WARN_ABOUT_MISSING_PROTOTYPES = YES;
				GCC_WARN_ABOUT_RETURN_TYPE = YES;
				GCC_WARN_UNUSED_VARIABLE = YES;
				IPHONEOS_DEPLOYMENT_TARGET = 5.0;
				OTHER_CFLAGS = "-DNS_BLOCK_ASSERTIONS=1";
				"PROVISIONING_PROFILE[sdk=iphoneos*]" = "";
				SDKROOT = iphoneos;
				VALIDATE_PRODUCT = YES;
			};
			name = Release;
		};
		2515ED4D14C5817600FDCD6D /* Debug */ = {
			isa = XCBuildConfiguration;
			buildSettings = {
				CODE_SIGN_IDENTITY = "";
				"CODE_SIGN_IDENTITY[sdk=iphoneos*]" = "iPhone Developer";
				COMPRESS_PNG_FILES = NO;
				GCC_PRECOMPILE_PREFIX_HEADER = YES;
				GCC_PREFIX_HEADER = "doGRT/doGRT-Prefix.pch";
				INFOPLIST_FILE = "doGRT/doGRT-Info.plist";
				IPHONEOS_DEPLOYMENT_TARGET = 5.0;
				PRODUCT_NAME = "$(TARGET_NAME)";
				"PROVISIONING_PROFILE[sdk=iphoneos*]" = "";
				TARGETED_DEVICE_FAMILY = "1,2";
				WRAPPER_EXTENSION = app;
			};
			name = Debug;
		};
		2515ED4E14C5817600FDCD6D /* Release */ = {
			isa = XCBuildConfiguration;
			buildSettings = {
				CODE_SIGN_IDENTITY = "";
				"CODE_SIGN_IDENTITY[sdk=iphoneos*]" = "iPhone Distribution";
				COMPRESS_PNG_FILES = NO;
				GCC_PRECOMPILE_PREFIX_HEADER = YES;
				GCC_PREFIX_HEADER = "doGRT/doGRT-Prefix.pch";
				INFOPLIST_FILE = "doGRT/doGRT-Info.plist";
				IPHONEOS_DEPLOYMENT_TARGET = 5.0;
				PRODUCT_NAME = "$(TARGET_NAME)";
				"PROVISIONING_PROFILE[sdk=iphoneos*]" = "";
				TARGETED_DEVICE_FAMILY = "1,2";
				WRAPPER_EXTENSION = app;
			};
			name = Release;
		};
/* End XCBuildConfiguration section */

/* Begin XCConfigurationList section */
		2515ED2914C5817500FDCD6D /* Build configuration list for PBXProject "doGRT" */ = {
			isa = XCConfigurationList;
			buildConfigurations = (
				2515ED4A14C5817600FDCD6D /* Debug */,
				2515ED4B14C5817600FDCD6D /* Release */,
			);
			defaultConfigurationIsVisible = 0;
			defaultConfigurationName = Release;
		};
		2515ED4C14C5817600FDCD6D /* Build configuration list for PBXNativeTarget "doGRT" */ = {
			isa = XCConfigurationList;
			buildConfigurations = (
				2515ED4D14C5817600FDCD6D /* Debug */,
				2515ED4E14C5817600FDCD6D /* Release */,
			);
			defaultConfigurationIsVisible = 0;
			defaultConfigurationName = Release;
		};
/* End XCConfigurationList section */

/* Begin XCVersionGroup section */
		2515ED7214C582C300FDCD6D /* doGRT.xcdatamodeld */ = {
			isa = XCVersionGroup;
			children = (
				2515ED7314C582C300FDCD6D /* doGRT.xcdatamodel */,
			);
			currentVersion = 2515ED7314C582C300FDCD6D /* doGRT.xcdatamodel */;
			path = doGRT.xcdatamodeld;
			sourceTree = "<group>";
			versionGroupType = wrapper.xcdatamodel;
		};
/* End XCVersionGroup section */
	};
	rootObject = 2515ED2614C5817500FDCD6D /* Project object */;
}
