// !$*UTF8*$!
{
	archiveVersion = 1;
	classes = {
	};
	objectVersion = 46;
	objects = {

/* Begin PBXBuildFile section */
		2515ED3414C5817600FDCD6D /* UIKit.framework in Frameworks */ = {isa = PBXBuildFile; fileRef = 2515ED3314C5817600FDCD6D /* UIKit.framework */; };
		2515ED3614C5817600FDCD6D /* Foundation.framework in Frameworks */ = {isa = PBXBuildFile; fileRef = 2515ED3514C5817600FDCD6D /* Foundation.framework */; };
		2515ED3814C5817600FDCD6D /* CoreGraphics.framework in Frameworks */ = {isa = PBXBuildFile; fileRef = 2515ED3714C5817600FDCD6D /* CoreGraphics.framework */; };
		2515ED3A14C5817600FDCD6D /* CoreData.framework in Frameworks */ = {isa = PBXBuildFile; fileRef = 2515ED3914C5817600FDCD6D /* CoreData.framework */; };
		2515ED4014C5817600FDCD6D /* InfoPlist.strings in Resources */ = {isa = PBXBuildFile; fileRef = 2515ED3E14C5817600FDCD6D /* InfoPlist.strings */; };
		2515ED4214C5817600FDCD6D /* main.m in Sources */ = {isa = PBXBuildFile; fileRef = 2515ED4114C5817600FDCD6D /* main.m */; };
		2515ED5F14C581CD00FDCD6D /* GRTAddingViewController.m in Sources */ = {isa = PBXBuildFile; fileRef = 2515ED5014C581CD00FDCD6D /* GRTAddingViewController.m */; };
		2515ED6014C581CD00FDCD6D /* GRTAppDelegate.m in Sources */ = {isa = PBXBuildFile; fileRef = 2515ED5214C581CD00FDCD6D /* GRTAppDelegate.m */; };
		2515ED6114C581CD00FDCD6D /* GRTBusInfo.m in Sources */ = {isa = PBXBuildFile; fileRef = 2515ED5414C581CD00FDCD6D /* GRTBusInfo.m */; };
		2515ED6314C581CD00FDCD6D /* GRTStopListViewController.m in Sources */ = {isa = PBXBuildFile; fileRef = 2515ED5814C581CD00FDCD6D /* GRTStopListViewController.m */; };
		2515ED6414C581CD00FDCD6D /* GRTMainViewController.m in Sources */ = {isa = PBXBuildFile; fileRef = 2515ED5A14C581CD00FDCD6D /* GRTMainViewController.m */; };
		2515ED6614C581CD00FDCD6D /* GRTStartingViewController.m in Sources */ = {isa = PBXBuildFile; fileRef = 2515ED5E14C581CD00FDCD6D /* GRTStartingViewController.m */; };
		2515ED6D14C5828700FDCD6D /* Default.png in Resources */ = {isa = PBXBuildFile; fileRef = 2515ED6814C5828700FDCD6D /* Default.png */; };
		2515ED6E14C5828700FDCD6D /* Default@2x.png in Resources */ = {isa = PBXBuildFile; fileRef = 2515ED6914C5828700FDCD6D /* Default@2x.png */; };
		2515ED7114C5828700FDCD6D /* iTunesArtwork in Resources */ = {isa = PBXBuildFile; fileRef = 2515ED6C14C5828700FDCD6D /* iTunesArtwork */; };
		2515ED7414C582C300FDCD6D /* doGRT.xcdatamodeld in Sources */ = {isa = PBXBuildFile; fileRef = 2515ED7214C582C300FDCD6D /* doGRT.xcdatamodeld */; };
		2515ED8E14C5830300FDCD6D /* GRTTimeTableEntry.m in Sources */ = {isa = PBXBuildFile; fileRef = 2515ED8314C5830300FDCD6D /* GRTTimeTableEntry.m */; };
		2515EDA614C5832500FDCD6D /* UserChosenBusStop.m in Sources */ = {isa = PBXBuildFile; fileRef = 2515EDA014C5832500FDCD6D /* UserChosenBusStop.m */; };
		2515EDA814C5838000FDCD6D /* CoreLocation.framework in Frameworks */ = {isa = PBXBuildFile; fileRef = 2515EDA714C5838000FDCD6D /* CoreLocation.framework */; };
		2515EDAA14C5838700FDCD6D /* MapKit.framework in Frameworks */ = {isa = PBXBuildFile; fileRef = 2515EDA914C5838700FDCD6D /* MapKit.framework */; };
		2515EDAC14C5839300FDCD6D /* MessageUI.framework in Frameworks */ = {isa = PBXBuildFile; fileRef = 2515EDAB14C5839300FDCD6D /* MessageUI.framework */; };
		251FBE8E152C55420000DACC /* GRTRouteMapViewController.m in Sources */ = {isa = PBXBuildFile; fileRef = 251FBE8D152C55420000DACC /* GRTRouteMapViewController.m */; };
		253519D8160E52C40042BEA4 /* Default-568h@2x.png in Resources */ = {isa = PBXBuildFile; fileRef = 253519D7160E52C40042BEA4 /* Default-568h@2x.png */; };
		2561EA0414C594F7003EA97D /* Icon.png in Resources */ = {isa = PBXBuildFile; fileRef = 2561EA0214C594F7003EA97D /* Icon.png */; };
		2561EA0514C594F7003EA97D /* Icon@2x.png in Resources */ = {isa = PBXBuildFile; fileRef = 2561EA0314C594F7003EA97D /* Icon@2x.png */; };
		2590035F1610E5A100FE051C /* GRTBusStopsViewController.m in Sources */ = {isa = PBXBuildFile; fileRef = 2590035E1610E5A100FE051C /* GRTBusStopsViewController.m */; };
		259003651610EB4A00FE051C /* UINavigationController+Rotation.m in Sources */ = {isa = PBXBuildFile; fileRef = 259003641610EB4A00FE051C /* UINavigationController+Rotation.m */; };
		259FF60B160F7BCD00B50F14 /* Launch.png in Resources */ = {isa = PBXBuildFile; fileRef = 259FF608160F7BCD00B50F14 /* Launch.png */; };
		259FF60C160F7BCD00B50F14 /* Launch@2x.png in Resources */ = {isa = PBXBuildFile; fileRef = 259FF609160F7BCD00B50F14 /* Launch@2x.png */; };
		259FF60D160F7BCD00B50F14 /* Launch-568h@2x.png in Resources */ = {isa = PBXBuildFile; fileRef = 259FF60A160F7BCD00B50F14 /* Launch-568h@2x.png */; };
		25AE069215FCD01300079095 /* FMDatabaseAdditions.m in Sources */ = {isa = PBXBuildFile; fileRef = 25AE068F15FCD01300079095 /* FMDatabaseAdditions.m */; };
		25AE069315FCD01300079095 /* FMDatabasePool.m in Sources */ = {isa = PBXBuildFile; fileRef = 25AE069115FCD01300079095 /* FMDatabasePool.m */; };
		25C7493C15E09173003AB331 /* iPhoneStoryboard.storyboard in Resources */ = {isa = PBXBuildFile; fileRef = 25C7493B15E09173003AB331 /* iPhoneStoryboard.storyboard */; };
		25C7493E15E09190003AB331 /* iPadStoryboard.storyboard in Resources */ = {isa = PBXBuildFile; fileRef = 25C7493D15E09190003AB331 /* iPadStoryboard.storyboard */; };
		25EAB18914CD770D004A9DEC /* GRT_GTFS.sqlite in Resources */ = {isa = PBXBuildFile; fileRef = 25EAB18814CD770D004A9DEC /* GRT_GTFS.sqlite */; };
		25EAB19214CD77E7004A9DEC /* FMDatabase.m in Sources */ = {isa = PBXBuildFile; fileRef = 25EAB18D14CD77E7004A9DEC /* FMDatabase.m */; };
		25EAB19414CD77E7004A9DEC /* FMResultSet.m in Sources */ = {isa = PBXBuildFile; fileRef = 25EAB19114CD77E7004A9DEC /* FMResultSet.m */; };
		25EAB19614CD783F004A9DEC /* libsqlite3.dylib in Frameworks */ = {isa = PBXBuildFile; fileRef = 25EAB19514CD783F004A9DEC /* libsqlite3.dylib */; };
		25EAB19D14CD82B1004A9DEC /* GRTBusStopEntry.m in Sources */ = {isa = PBXBuildFile; fileRef = 25EAB19C14CD82B1004A9DEC /* GRTBusStopEntry.m */; };
		25F18A9C14DBDC2E008B1A31 /* GRTTripEntry.m in Sources */ = {isa = PBXBuildFile; fileRef = 25F18A9B14DBDC2E008B1A31 /* GRTTripEntry.m */; };
		25F18AA014DC1A40008B1A31 /* GRTRouteTimeViewController.m in Sources */ = {isa = PBXBuildFile; fileRef = 25F18A9E14DC1A40008B1A31 /* GRTRouteTimeViewController.m */; };
/* End PBXBuildFile section */

/* Begin PBXFileReference section */
		2515ED2F14C5817600FDCD6D /* doGRT.app */ = {isa = PBXFileReference; explicitFileType = wrapper.application; includeInIndex = 0; path = doGRT.app; sourceTree = BUILT_PRODUCTS_DIR; };
		2515ED3314C5817600FDCD6D /* UIKit.framework */ = {isa = PBXFileReference; lastKnownFileType = wrapper.framework; name = UIKit.framework; path = System/Library/Frameworks/UIKit.framework; sourceTree = SDKROOT; };
		2515ED3514C5817600FDCD6D /* Foundation.framework */ = {isa = PBXFileReference; lastKnownFileType = wrapper.framework; name = Foundation.framework; path = System/Library/Frameworks/Foundation.framework; sourceTree = SDKROOT; };
		2515ED3714C5817600FDCD6D /* CoreGraphics.framework */ = {isa = PBXFileReference; lastKnownFileType = wrapper.framework; name = CoreGraphics.framework; path = System/Library/Frameworks/CoreGraphics.framework; sourceTree = SDKROOT; };
		2515ED3914C5817600FDCD6D /* CoreData.framework */ = {isa = PBXFileReference; lastKnownFileType = wrapper.framework; name = CoreData.framework; path = System/Library/Frameworks/CoreData.framework; sourceTree = SDKROOT; };
		2515ED3D14C5817600FDCD6D /* doGRT-Info.plist */ = {isa = PBXFileReference; lastKnownFileType = text.plist.xml; path = "doGRT-Info.plist"; sourceTree = "<group>"; };
		2515ED3F14C5817600FDCD6D /* en */ = {isa = PBXFileReference; lastKnownFileType = text.plist.strings; name = en; path = en.lproj/InfoPlist.strings; sourceTree = "<group>"; };
		2515ED4114C5817600FDCD6D /* main.m */ = {isa = PBXFileReference; lastKnownFileType = sourcecode.c.objc; path = main.m; sourceTree = "<group>"; };
		2515ED4314C5817600FDCD6D /* doGRT-Prefix.pch */ = {isa = PBXFileReference; lastKnownFileType = sourcecode.c.h; path = "doGRT-Prefix.pch"; sourceTree = "<group>"; };
		2515ED4F14C581CD00FDCD6D /* GRTAddingViewController.h */ = {isa = PBXFileReference; fileEncoding = 4; lastKnownFileType = sourcecode.c.h; path = GRTAddingViewController.h; sourceTree = "<group>"; };
		2515ED5014C581CD00FDCD6D /* GRTAddingViewController.m */ = {isa = PBXFileReference; fileEncoding = 4; lastKnownFileType = sourcecode.c.objc; path = GRTAddingViewController.m; sourceTree = "<group>"; };
		2515ED5114C581CD00FDCD6D /* GRTAppDelegate.h */ = {isa = PBXFileReference; fileEncoding = 4; lastKnownFileType = sourcecode.c.h; path = GRTAppDelegate.h; sourceTree = "<group>"; };
		2515ED5214C581CD00FDCD6D /* GRTAppDelegate.m */ = {isa = PBXFileReference; fileEncoding = 4; lastKnownFileType = sourcecode.c.objc; path = GRTAppDelegate.m; sourceTree = "<group>"; };
		2515ED5314C581CD00FDCD6D /* GRTBusInfo.h */ = {isa = PBXFileReference; fileEncoding = 4; lastKnownFileType = sourcecode.c.h; path = GRTBusInfo.h; sourceTree = "<group>"; };
		2515ED5414C581CD00FDCD6D /* GRTBusInfo.m */ = {isa = PBXFileReference; fileEncoding = 4; lastKnownFileType = sourcecode.c.objc; path = GRTBusInfo.m; sourceTree = "<group>"; };
		2515ED5714C581CD00FDCD6D /* GRTStopListViewController.h */ = {isa = PBXFileReference; fileEncoding = 4; lastKnownFileType = sourcecode.c.h; path = GRTStopListViewController.h; sourceTree = "<group>"; };
		2515ED5814C581CD00FDCD6D /* GRTStopListViewController.m */ = {isa = PBXFileReference; fileEncoding = 4; lastKnownFileType = sourcecode.c.objc; path = GRTStopListViewController.m; sourceTree = "<group>"; };
		2515ED5914C581CD00FDCD6D /* GRTMainViewController.h */ = {isa = PBXFileReference; fileEncoding = 4; lastKnownFileType = sourcecode.c.h; path = GRTMainViewController.h; sourceTree = "<group>"; };
		2515ED5A14C581CD00FDCD6D /* GRTMainViewController.m */ = {isa = PBXFileReference; fileEncoding = 4; lastKnownFileType = sourcecode.c.objc; path = GRTMainViewController.m; sourceTree = "<group>"; };
		2515ED5D14C581CD00FDCD6D /* GRTStartingViewController.h */ = {isa = PBXFileReference; fileEncoding = 4; lastKnownFileType = sourcecode.c.h; path = GRTStartingViewController.h; sourceTree = "<group>"; };
		2515ED5E14C581CD00FDCD6D /* GRTStartingViewController.m */ = {isa = PBXFileReference; fileEncoding = 4; lastKnownFileType = sourcecode.c.objc; path = GRTStartingViewController.m; sourceTree = "<group>"; };
		2515ED6814C5828700FDCD6D /* Default.png */ = {isa = PBXFileReference; lastKnownFileType = image.png; path = Default.png; sourceTree = "<group>"; };
		2515ED6914C5828700FDCD6D /* Default@2x.png */ = {isa = PBXFileReference; lastKnownFileType = image.png; path = "Default@2x.png"; sourceTree = "<group>"; };
		2515ED6C14C5828700FDCD6D /* iTunesArtwork */ = {isa = PBXFileReference; lastKnownFileType = file; path = iTunesArtwork; sourceTree = "<group>"; };
		2515ED7314C582C300FDCD6D /* doGRT.xcdatamodel */ = {isa = PBXFileReference; lastKnownFileType = wrapper.xcdatamodel; path = doGRT.xcdatamodel; sourceTree = "<group>"; };
		2515ED8214C5830300FDCD6D /* GRTTimeTableEntry.h */ = {isa = PBXFileReference; fileEncoding = 4; lastKnownFileType = sourcecode.c.h; path = GRTTimeTableEntry.h; sourceTree = "<group>"; };
		2515ED8314C5830300FDCD6D /* GRTTimeTableEntry.m */ = {isa = PBXFileReference; fileEncoding = 4; lastKnownFileType = sourcecode.c.objc; path = GRTTimeTableEntry.m; sourceTree = "<group>"; };
		2515ED9F14C5832500FDCD6D /* UserChosenBusStop.h */ = {isa = PBXFileReference; fileEncoding = 4; lastKnownFileType = sourcecode.c.h; path = UserChosenBusStop.h; sourceTree = "<group>"; };
		2515EDA014C5832500FDCD6D /* UserChosenBusStop.m */ = {isa = PBXFileReference; fileEncoding = 4; lastKnownFileType = sourcecode.c.objc; path = UserChosenBusStop.m; sourceTree = "<group>"; };
		2515EDA714C5838000FDCD6D /* CoreLocation.framework */ = {isa = PBXFileReference; lastKnownFileType = wrapper.framework; name = CoreLocation.framework; path = System/Library/Frameworks/CoreLocation.framework; sourceTree = SDKROOT; };
		2515EDA914C5838700FDCD6D /* MapKit.framework */ = {isa = PBXFileReference; lastKnownFileType = wrapper.framework; name = MapKit.framework; path = System/Library/Frameworks/MapKit.framework; sourceTree = SDKROOT; };
		2515EDAB14C5839300FDCD6D /* MessageUI.framework */ = {isa = PBXFileReference; lastKnownFileType = wrapper.framework; name = MessageUI.framework; path = System/Library/Frameworks/MessageUI.framework; sourceTree = SDKROOT; };
		251FBE8C152C55420000DACC /* GRTRouteMapViewController.h */ = {isa = PBXFileReference; fileEncoding = 4; lastKnownFileType = sourcecode.c.h; path = GRTRouteMapViewController.h; sourceTree = "<group>"; };
		251FBE8D152C55420000DACC /* GRTRouteMapViewController.m */ = {isa = PBXFileReference; fileEncoding = 4; lastKnownFileType = sourcecode.c.objc; path = GRTRouteMapViewController.m; sourceTree = "<group>"; };
		253519D7160E52C40042BEA4 /* Default-568h@2x.png */ = {isa = PBXFileReference; lastKnownFileType = image.png; path = "Default-568h@2x.png"; sourceTree = "<group>"; };
		2561EA0214C594F7003EA97D /* Icon.png */ = {isa = PBXFileReference; lastKnownFileType = image.png; path = Icon.png; sourceTree = "<group>"; };
		2561EA0314C594F7003EA97D /* Icon@2x.png */ = {isa = PBXFileReference; lastKnownFileType = image.png; path = "Icon@2x.png"; sourceTree = "<group>"; };
		2590035D1610E5A100FE051C /* GRTBusStopsViewController.h */ = {isa = PBXFileReference; fileEncoding = 4; lastKnownFileType = sourcecode.c.h; path = GRTBusStopsViewController.h; sourceTree = "<group>"; };
		2590035E1610E5A100FE051C /* GRTBusStopsViewController.m */ = {isa = PBXFileReference; fileEncoding = 4; lastKnownFileType = sourcecode.c.objc; path = GRTBusStopsViewController.m; sourceTree = "<group>"; };
		259003631610EB4A00FE051C /* UINavigationController+Rotation.h */ = {isa = PBXFileReference; fileEncoding = 4; lastKnownFileType = sourcecode.c.h; path = "UINavigationController+Rotation.h"; sourceTree = "<group>"; };
		259003641610EB4A00FE051C /* UINavigationController+Rotation.m */ = {isa = PBXFileReference; fileEncoding = 4; lastKnownFileType = sourcecode.c.objc; path = "UINavigationController+Rotation.m"; sourceTree = "<group>"; };
		259FF608160F7BCD00B50F14 /* Launch.png */ = {isa = PBXFileReference; lastKnownFileType = image.png; path = Launch.png; sourceTree = "<group>"; };
		259FF609160F7BCD00B50F14 /* Launch@2x.png */ = {isa = PBXFileReference; lastKnownFileType = image.png; path = "Launch@2x.png"; sourceTree = "<group>"; };
		259FF60A160F7BCD00B50F14 /* Launch-568h@2x.png */ = {isa = PBXFileReference; lastKnownFileType = image.png; path = "Launch-568h@2x.png"; sourceTree = "<group>"; };
		25AE068E15FCD01300079095 /* FMDatabaseAdditions.h */ = {isa = PBXFileReference; fileEncoding = 4; lastKnownFileType = sourcecode.c.h; path = FMDatabaseAdditions.h; sourceTree = "<group>"; };
		25AE068F15FCD01300079095 /* FMDatabaseAdditions.m */ = {isa = PBXFileReference; fileEncoding = 4; lastKnownFileType = sourcecode.c.objc; path = FMDatabaseAdditions.m; sourceTree = "<group>"; };
		25AE069015FCD01300079095 /* FMDatabasePool.h */ = {isa = PBXFileReference; fileEncoding = 4; lastKnownFileType = sourcecode.c.h; path = FMDatabasePool.h; sourceTree = "<group>"; };
		25AE069115FCD01300079095 /* FMDatabasePool.m */ = {isa = PBXFileReference; fileEncoding = 4; lastKnownFileType = sourcecode.c.objc; path = FMDatabasePool.m; sourceTree = "<group>"; };
		25C7493B15E09173003AB331 /* iPhoneStoryboard.storyboard */ = {isa = PBXFileReference; fileEncoding = 4; lastKnownFileType = file.storyboard; path = iPhoneStoryboard.storyboard; sourceTree = "<group>"; };
		25C7493D15E09190003AB331 /* iPadStoryboard.storyboard */ = {isa = PBXFileReference; fileEncoding = 4; lastKnownFileType = file.storyboard; path = iPadStoryboard.storyboard; sourceTree = "<group>"; };
		25EAB18814CD770D004A9DEC /* GRT_GTFS.sqlite */ = {isa = PBXFileReference; lastKnownFileType = file; path = GRT_GTFS.sqlite; sourceTree = "<group>"; };
		25EAB18C14CD77E7004A9DEC /* FMDatabase.h */ = {isa = PBXFileReference; fileEncoding = 4; lastKnownFileType = sourcecode.c.h; path = FMDatabase.h; sourceTree = "<group>"; };
		25EAB18D14CD77E7004A9DEC /* FMDatabase.m */ = {isa = PBXFileReference; fileEncoding = 4; lastKnownFileType = sourcecode.c.objc; path = FMDatabase.m; sourceTree = "<group>"; };
		25EAB19014CD77E7004A9DEC /* FMResultSet.h */ = {isa = PBXFileReference; fileEncoding = 4; lastKnownFileType = sourcecode.c.h; path = FMResultSet.h; sourceTree = "<group>"; };
		25EAB19114CD77E7004A9DEC /* FMResultSet.m */ = {isa = PBXFileReference; fileEncoding = 4; lastKnownFileType = sourcecode.c.objc; path = FMResultSet.m; sourceTree = "<group>"; };
		25EAB19514CD783F004A9DEC /* libsqlite3.dylib */ = {isa = PBXFileReference; lastKnownFileType = "compiled.mach-o.dylib"; name = libsqlite3.dylib; path = usr/lib/libsqlite3.dylib; sourceTree = SDKROOT; };
		25EAB19B14CD82B1004A9DEC /* GRTBusStopEntry.h */ = {isa = PBXFileReference; fileEncoding = 4; lastKnownFileType = sourcecode.c.h; path = GRTBusStopEntry.h; sourceTree = "<group>"; };
		25EAB19C14CD82B1004A9DEC /* GRTBusStopEntry.m */ = {isa = PBXFileReference; fileEncoding = 4; lastKnownFileType = sourcecode.c.objc; path = GRTBusStopEntry.m; sourceTree = "<group>"; };
		25F18A9A14DBDC2E008B1A31 /* GRTTripEntry.h */ = {isa = PBXFileReference; fileEncoding = 4; lastKnownFileType = sourcecode.c.h; path = GRTTripEntry.h; sourceTree = "<group>"; };
		25F18A9B14DBDC2E008B1A31 /* GRTTripEntry.m */ = {isa = PBXFileReference; fileEncoding = 4; lastKnownFileType = sourcecode.c.objc; path = GRTTripEntry.m; sourceTree = "<group>"; };
		25F18A9D14DC1A40008B1A31 /* GRTRouteTimeViewController.h */ = {isa = PBXFileReference; fileEncoding = 4; lastKnownFileType = sourcecode.c.h; path = GRTRouteTimeViewController.h; sourceTree = "<group>"; };
		25F18A9E14DC1A40008B1A31 /* GRTRouteTimeViewController.m */ = {isa = PBXFileReference; fileEncoding = 4; lastKnownFileType = sourcecode.c.objc; path = GRTRouteTimeViewController.m; sourceTree = "<group>"; };
/* End PBXFileReference section */

/* Begin PBXFrameworksBuildPhase section */
		2515ED2C14C5817600FDCD6D /* Frameworks */ = {
			isa = PBXFrameworksBuildPhase;
			buildActionMask = 2147483647;
			files = (
				25EAB19614CD783F004A9DEC /* libsqlite3.dylib in Frameworks */,
				2515EDAC14C5839300FDCD6D /* MessageUI.framework in Frameworks */,
				2515EDAA14C5838700FDCD6D /* MapKit.framework in Frameworks */,
				2515EDA814C5838000FDCD6D /* CoreLocation.framework in Frameworks */,
				2515ED3414C5817600FDCD6D /* UIKit.framework in Frameworks */,
				2515ED3614C5817600FDCD6D /* Foundation.framework in Frameworks */,
				2515ED3814C5817600FDCD6D /* CoreGraphics.framework in Frameworks */,
				2515ED3A14C5817600FDCD6D /* CoreData.framework in Frameworks */,
			);
			runOnlyForDeploymentPostprocessing = 0;
		};
/* End PBXFrameworksBuildPhase section */

/* Begin PBXGroup section */
		2515ED2414C5817500FDCD6D = {
			isa = PBXGroup;
			children = (
				2515ED3B14C5817600FDCD6D /* doGRT */,
				2515ED3214C5817600FDCD6D /* Frameworks */,
				2515ED3014C5817600FDCD6D /* Products */,
			);
			sourceTree = "<group>";
		};
		2515ED3014C5817600FDCD6D /* Products */ = {
			isa = PBXGroup;
			children = (
				2515ED2F14C5817600FDCD6D /* doGRT.app */,
			);
			name = Products;
			sourceTree = "<group>";
		};
		2515ED3214C5817600FDCD6D /* Frameworks */ = {
			isa = PBXGroup;
			children = (
				25EAB19514CD783F004A9DEC /* libsqlite3.dylib */,
				2515EDAB14C5839300FDCD6D /* MessageUI.framework */,
				2515EDA914C5838700FDCD6D /* MapKit.framework */,
				2515EDA714C5838000FDCD6D /* CoreLocation.framework */,
				2515ED3314C5817600FDCD6D /* UIKit.framework */,
				2515ED3514C5817600FDCD6D /* Foundation.framework */,
				2515ED3714C5817600FDCD6D /* CoreGraphics.framework */,
				2515ED3914C5817600FDCD6D /* CoreData.framework */,
			);
			name = Frameworks;
			sourceTree = "<group>";
		};
		2515ED3B14C5817600FDCD6D /* doGRT */ = {
			isa = PBXGroup;
			children = (
				2590035B1610E53C00FE051C /* ViewControllers */,
				2515ED5114C581CD00FDCD6D /* GRTAppDelegate.h */,
				2515ED5214C581CD00FDCD6D /* GRTAppDelegate.m */,
				2515ED5314C581CD00FDCD6D /* GRTBusInfo.h */,
				2515ED5414C581CD00FDCD6D /* GRTBusInfo.m */,
				2515ED7214C582C300FDCD6D /* doGRT.xcdatamodeld */,
				2515ED5D14C581CD00FDCD6D /* GRTStartingViewController.h */,
				2515ED5E14C581CD00FDCD6D /* GRTStartingViewController.m */,
				2515ED5714C581CD00FDCD6D /* GRTStopListViewController.h */,
				2515ED5814C581CD00FDCD6D /* GRTStopListViewController.m */,
				2515ED4F14C581CD00FDCD6D /* GRTAddingViewController.h */,
				2515ED5014C581CD00FDCD6D /* GRTAddingViewController.m */,
				2515ED5914C581CD00FDCD6D /* GRTMainViewController.h */,
				2515ED5A14C581CD00FDCD6D /* GRTMainViewController.m */,
				25F18A9D14DC1A40008B1A31 /* GRTRouteTimeViewController.h */,
				25F18A9E14DC1A40008B1A31 /* GRTRouteTimeViewController.m */,
				251FBE8C152C55420000DACC /* GRTRouteMapViewController.h */,
				251FBE8D152C55420000DACC /* GRTRouteMapViewController.m */,
				2515ED7C14C5830300FDCD6D /* Data */,
				25EAB18B14CD77E7004A9DEC /* FMDB */,
				2515ED9414C5832500FDCD6D /* ManagedObject */,
				2515ED6714C5828700FDCD6D /* Resources */,
				2515ED3C14C5817600FDCD6D /* Supporting Files */,
			);
			path = doGRT;
			sourceTree = "<group>";
		};
		2515ED3C14C5817600FDCD6D /* Supporting Files */ = {
			isa = PBXGroup;
			children = (
				2515ED3D14C5817600FDCD6D /* doGRT-Info.plist */,
				2515ED3E14C5817600FDCD6D /* InfoPlist.strings */,
				2515ED4114C5817600FDCD6D /* main.m */,
				2515ED4314C5817600FDCD6D /* doGRT-Prefix.pch */,
			);
			name = "Supporting Files";
			sourceTree = "<group>";
		};
		2515ED6714C5828700FDCD6D /* Resources */ = {
			isa = PBXGroup;
			children = (
				25C7493B15E09173003AB331 /* iPhoneStoryboard.storyboard */,
				25C7493D15E09190003AB331 /* iPadStoryboard.storyboard */,
				2515ED6814C5828700FDCD6D /* Default.png */,
				2515ED6914C5828700FDCD6D /* Default@2x.png */,
				253519D7160E52C40042BEA4 /* Default-568h@2x.png */,
				259FF608160F7BCD00B50F14 /* Launch.png */,
				259FF609160F7BCD00B50F14 /* Launch@2x.png */,
				259FF60A160F7BCD00B50F14 /* Launch-568h@2x.png */,
				2561EA0214C594F7003EA97D /* Icon.png */,
				2561EA0314C594F7003EA97D /* Icon@2x.png */,
				2515ED6C14C5828700FDCD6D /* iTunesArtwork */,
			);
			path = Resources;
			sourceTree = "<group>";
		};
		2515ED7C14C5830300FDCD6D /* Data */ = {
			isa = PBXGroup;
			children = (
				25EAB18814CD770D004A9DEC /* GRT_GTFS.sqlite */,
				2515ED8214C5830300FDCD6D /* GRTTimeTableEntry.h */,
				2515ED8314C5830300FDCD6D /* GRTTimeTableEntry.m */,
				25EAB19B14CD82B1004A9DEC /* GRTBusStopEntry.h */,
				25EAB19C14CD82B1004A9DEC /* GRTBusStopEntry.m */,
				25F18A9A14DBDC2E008B1A31 /* GRTTripEntry.h */,
				25F18A9B14DBDC2E008B1A31 /* GRTTripEntry.m */,
			);
			path = Data;
			sourceTree = "<group>";
		};
		2515ED9414C5832500FDCD6D /* ManagedObject */ = {
			isa = PBXGroup;
			children = (
				2515ED9F14C5832500FDCD6D /* UserChosenBusStop.h */,
				2515EDA014C5832500FDCD6D /* UserChosenBusStop.m */,
			);
			path = ManagedObject;
			sourceTree = "<group>";
		};
		2590035B1610E53C00FE051C /* ViewControllers */ = {
			isa = PBXGroup;
			children = (
				259003631610EB4A00FE051C /* UINavigationController+Rotation.h */,
				259003641610EB4A00FE051C /* UINavigationController+Rotation.m */,
				2590035D1610E5A100FE051C /* GRTBusStopsViewController.h */,
				2590035E1610E5A100FE051C /* GRTBusStopsViewController.m */,
			);
			path = ViewControllers;
			sourceTree = "<group>";
		};
		25EAB18B14CD77E7004A9DEC /* FMDB */ = {
			isa = PBXGroup;
			children = (
				25AE068E15FCD01300079095 /* FMDatabaseAdditions.h */,
				25AE068F15FCD01300079095 /* FMDatabaseAdditions.m */,
				25AE069015FCD01300079095 /* FMDatabasePool.h */,
				25AE069115FCD01300079095 /* FMDatabasePool.m */,
				25EAB18C14CD77E7004A9DEC /* FMDatabase.h */,
				25EAB18D14CD77E7004A9DEC /* FMDatabase.m */,
				25EAB19014CD77E7004A9DEC /* FMResultSet.h */,
				25EAB19114CD77E7004A9DEC /* FMResultSet.m */,
			);
			path = FMDB;
			sourceTree = "<group>";
		};
/* End PBXGroup section */

/* Begin PBXNativeTarget section */
		2515ED2E14C5817600FDCD6D /* doGRT */ = {
			isa = PBXNativeTarget;
			buildConfigurationList = 2515ED4C14C5817600FDCD6D /* Build configuration list for PBXNativeTarget "doGRT" */;
			buildPhases = (
				2515ED2B14C5817600FDCD6D /* Sources */,
				2515ED2C14C5817600FDCD6D /* Frameworks */,
				2515ED2D14C5817600FDCD6D /* Resources */,
			);
			buildRules = (
			);
			dependencies = (
			);
			name = doGRT;
			productName = doGRT;
			productReference = 2515ED2F14C5817600FDCD6D /* doGRT.app */;
			productType = "com.apple.product-type.application";
		};
/* End PBXNativeTarget section */

/* Begin PBXProject section */
		2515ED2614C5817500FDCD6D /* Project object */ = {
			isa = PBXProject;
			attributes = {
				LastUpgradeCheck = 0440;
			};
			buildConfigurationList = 2515ED2914C5817500FDCD6D /* Build configuration list for PBXProject "doGRT" */;
			compatibilityVersion = "Xcode 3.2";
			developmentRegion = English;
			hasScannedForEncodings = 0;
			knownRegions = (
				en,
			);
			mainGroup = 2515ED2414C5817500FDCD6D;
			productRefGroup = 2515ED3014C5817600FDCD6D /* Products */;
			projectDirPath = "";
			projectRoot = "";
			targets = (
				2515ED2E14C5817600FDCD6D /* doGRT */,
			);
		};
/* End PBXProject section */

/* Begin PBXResourcesBuildPhase section */
		2515ED2D14C5817600FDCD6D /* Resources */ = {
			isa = PBXResourcesBuildPhase;
			buildActionMask = 2147483647;
			files = (
				2515ED4014C5817600FDCD6D /* InfoPlist.strings in Resources */,
				2515ED6D14C5828700FDCD6D /* Default.png in Resources */,
				2515ED6E14C5828700FDCD6D /* Default@2x.png in Resources */,
				2515ED7114C5828700FDCD6D /* iTunesArtwork in Resources */,
				2561EA0414C594F7003EA97D /* Icon.png in Resources */,
				2561EA0514C594F7003EA97D /* Icon@2x.png in Resources */,
				25EAB18914CD770D004A9DEC /* GRT_GTFS.sqlite in Resources */,
				25C7493C15E09173003AB331 /* iPhoneStoryboard.storyboard in Resources */,
				25C7493E15E09190003AB331 /* iPadStoryboard.storyboard in Resources */,
				253519D8160E52C40042BEA4 /* Default-568h@2x.png in Resources */,
				259FF60B160F7BCD00B50F14 /* Launch.png in Resources */,
				259FF60C160F7BCD00B50F14 /* Launch@2x.png in Resources */,
				259FF60D160F7BCD00B50F14 /* Launch-568h@2x.png in Resources */,
			);
			runOnlyForDeploymentPostprocessing = 0;
		};
/* End PBXResourcesBuildPhase section */

/* Begin PBXSourcesBuildPhase section */
		2515ED2B14C5817600FDCD6D /* Sources */ = {
			isa = PBXSourcesBuildPhase;
			buildActionMask = 2147483647;
			files = (
				2515ED4214C5817600FDCD6D /* main.m in Sources */,
				2515ED5F14C581CD00FDCD6D /* GRTAddingViewController.m in Sources */,
				2515ED6014C581CD00FDCD6D /* GRTAppDelegate.m in Sources */,
				2515ED6114C581CD00FDCD6D /* GRTBusInfo.m in Sources */,
				2515ED6314C581CD00FDCD6D /* GRTStopListViewController.m in Sources */,
				2515ED6414C581CD00FDCD6D /* GRTMainViewController.m in Sources */,
				2515ED6614C581CD00FDCD6D /* GRTStartingViewController.m in Sources */,
				2515ED7414C582C300FDCD6D /* doGRT.xcdatamodeld in Sources */,
				2515ED8E14C5830300FDCD6D /* GRTTimeTableEntry.m in Sources */,
				2515EDA614C5832500FDCD6D /* UserChosenBusStop.m in Sources */,
				25EAB19214CD77E7004A9DEC /* FMDatabase.m in Sources */,
				25EAB19414CD77E7004A9DEC /* FMResultSet.m in Sources */,
				25EAB19D14CD82B1004A9DEC /* GRTBusStopEntry.m in Sources */,
				25F18A9C14DBDC2E008B1A31 /* GRTTripEntry.m in Sources */,
				25F18AA014DC1A40008B1A31 /* GRTRouteTimeViewController.m in Sources */,
				251FBE8E152C55420000DACC /* GRTRouteMapViewController.m in Sources */,
				25AE069215FCD01300079095 /* FMDatabaseAdditions.m in Sources */,
				25AE069315FCD01300079095 /* FMDatabasePool.m in Sources */,
				2590035F1610E5A100FE051C /* GRTBusStopsViewController.m in Sources */,
				259003651610EB4A00FE051C /* UINavigationController+Rotation.m in Sources */,
			);
			runOnlyForDeploymentPostprocessing = 0;
		};
/* End PBXSourcesBuildPhase section */

/* Begin PBXVariantGroup section */
		2515ED3E14C5817600FDCD6D /* InfoPlist.strings */ = {
			isa = PBXVariantGroup;
			children = (
				2515ED3F14C5817600FDCD6D /* en */,
			);
			name = InfoPlist.strings;
			sourceTree = "<group>";
		};
/* End PBXVariantGroup section */

/* Begin XCBuildConfiguration section */
		2515ED4A14C5817600FDCD6D /* Debug */ = {
			isa = XCBuildConfiguration;
			buildSettings = {
				ALWAYS_SEARCH_USER_PATHS = NO;
				ARCHS = "$(ARCHS_STANDARD_32_BIT)";
				CLANG_ENABLE_OBJC_ARC = YES;
				CODE_SIGN_IDENTITY = "";
				"CODE_SIGN_IDENTITY[sdk=iphoneos*]" = "iPhone Developer";
				COPY_PHASE_STRIP = NO;
				GCC_C_LANGUAGE_STANDARD = gnu99;
				GCC_DYNAMIC_NO_PIC = NO;
				GCC_OPTIMIZATION_LEVEL = 0;
				GCC_PREPROCESSOR_DEFINITIONS = (
					"DEBUG=1",
					"$(inherited)",
				);
				GCC_SYMBOLS_PRIVATE_EXTERN = NO;
				GCC_VERSION = com.apple.compilers.llvm.clang.1_0;
				GCC_WARN_ABOUT_MISSING_PROTOTYPES = YES;
				GCC_WARN_ABOUT_RETURN_TYPE = YES;
				GCC_WARN_UNUSED_VARIABLE = YES;
				IPHONEOS_DEPLOYMENT_TARGET = 5.0;
				"PROVISIONING_PROFILE[sdk=iphoneos*]" = "";
				SDKROOT = iphoneos;
			};
			name = Debug;
		};
		2515ED4B14C5817600FDCD6D /* Release */ = {
			isa = XCBuildConfiguration;
			buildSettings = {
				ALWAYS_SEARCH_USER_PATHS = NO;
				ARCHS = "$(ARCHS_STANDARD_32_BIT)";
				CLANG_ENABLE_OBJC_ARC = YES;
				CODE_SIGN_IDENTITY = "";
				"CODE_SIGN_IDENTITY[sdk=iphoneos*]" = "iPhone Distribution";
				COPY_PHASE_STRIP = YES;
				GCC_C_LANGUAGE_STANDARD = gnu99;
				GCC_VERSION = com.apple.compilers.llvm.clang.1_0;
				GCC_WARN_ABOUT_MISSING_PROTOTYPES = YES;
				GCC_WARN_ABOUT_RETURN_TYPE = YES;
				GCC_WARN_UNUSED_VARIABLE = YES;
				IPHONEOS_DEPLOYMENT_TARGET = 5.0;
				OTHER_CFLAGS = "-DNS_BLOCK_ASSERTIONS=1";
				"PROVISIONING_PROFILE[sdk=iphoneos*]" = "";
				SDKROOT = iphoneos;
				VALIDATE_PRODUCT = YES;
			};
			name = Release;
		};
		2515ED4D14C5817600FDCD6D /* Debug */ = {
			isa = XCBuildConfiguration;
			buildSettings = {
				CODE_SIGN_IDENTITY = "";
				"CODE_SIGN_IDENTITY[sdk=iphoneos*]" = "iPhone Developer";
				COMPRESS_PNG_FILES = NO;
				GCC_PRECOMPILE_PREFIX_HEADER = YES;
				GCC_PREFIX_HEADER = "doGRT/doGRT-Prefix.pch";
				INFOPLIST_FILE = "doGRT/doGRT-Info.plist";
				IPHONEOS_DEPLOYMENT_TARGET = 5.0;
				PRODUCT_NAME = "$(TARGET_NAME)";
				"PROVISIONING_PROFILE[sdk=iphoneos*]" = "";
				TARGETED_DEVICE_FAMILY = 1;
				WRAPPER_EXTENSION = app;
			};
			name = Debug;
		};
		2515ED4E14C5817600FDCD6D /* Release */ = {
			isa = XCBuildConfiguration;
			buildSettings = {
				CODE_SIGN_IDENTITY = "";
				"CODE_SIGN_IDENTITY[sdk=iphoneos*]" = "iPhone Distribution";
				COMPRESS_PNG_FILES = NO;
				GCC_PRECOMPILE_PREFIX_HEADER = YES;
				GCC_PREFIX_HEADER = "doGRT/doGRT-Prefix.pch";
				INFOPLIST_FILE = "doGRT/doGRT-Info.plist";
				IPHONEOS_DEPLOYMENT_TARGET = 5.0;
				PRODUCT_NAME = "$(TARGET_NAME)";
				"PROVISIONING_PROFILE[sdk=iphoneos*]" = "";
				TARGETED_DEVICE_FAMILY = 1;
				WRAPPER_EXTENSION = app;
			};
			name = Release;
		};
/* End XCBuildConfiguration section */

/* Begin XCConfigurationList section */
		2515ED2914C5817500FDCD6D /* Build configuration list for PBXProject "doGRT" */ = {
			isa = XCConfigurationList;
			buildConfigurations = (
				2515ED4A14C5817600FDCD6D /* Debug */,
				2515ED4B14C5817600FDCD6D /* Release */,
			);
			defaultConfigurationIsVisible = 0;
			defaultConfigurationName = Release;
		};
		2515ED4C14C5817600FDCD6D /* Build configuration list for PBXNativeTarget "doGRT" */ = {
			isa = XCConfigurationList;
			buildConfigurations = (
				2515ED4D14C5817600FDCD6D /* Debug */,
				2515ED4E14C5817600FDCD6D /* Release */,
			);
			defaultConfigurationIsVisible = 0;
			defaultConfigurationName = Release;
		};
/* End XCConfigurationList section */

/* Begin XCVersionGroup section */
		2515ED7214C582C300FDCD6D /* doGRT.xcdatamodeld */ = {
			isa = XCVersionGroup;
			children = (
				2515ED7314C582C300FDCD6D /* doGRT.xcdatamodel */,
			);
			currentVersion = 2515ED7314C582C300FDCD6D /* doGRT.xcdatamodel */;
			path = doGRT.xcdatamodeld;
			sourceTree = "<group>";
			versionGroupType = wrapper.xcdatamodel;
		};
/* End XCVersionGroup section */
	};
	rootObject = 2515ED2614C5817500FDCD6D /* Project object */;
}
